// !$*UTF8*$!
{
	archiveVersion = 1;
	classes = {
	};
	objectVersion = 52;
	objects = {

/* Begin PBXBuildFile section */
		29AF44549F0E87939BADF2BE /* Pods_HydrateWidgetExtension.framework in Frameworks */ = {isa = PBXBuildFile; fileRef = 9902DD68EBAEBD8BE6279FB0 /* Pods_HydrateWidgetExtension.framework */; };
		51183532E30EB121A2DF9CFA /* Pods_Hydrate__macOS_.framework in Frameworks */ = {isa = PBXBuildFile; fileRef = 0016060B25323104E30656F6 /* Pods_Hydrate__macOS_.framework */; };
		6001425125C209CB00903C1F /* HydrateApp.swift in Sources */ = {isa = PBXBuildFile; fileRef = 6001423E25C209CA00903C1F /* HydrateApp.swift */; };
		6001425225C209CB00903C1F /* HydrateApp.swift in Sources */ = {isa = PBXBuildFile; fileRef = 6001423E25C209CA00903C1F /* HydrateApp.swift */; };
		6001425325C209CB00903C1F /* ContentView.swift in Sources */ = {isa = PBXBuildFile; fileRef = 6001423F25C209CA00903C1F /* ContentView.swift */; };
		6001425425C209CB00903C1F /* ContentView.swift in Sources */ = {isa = PBXBuildFile; fileRef = 6001423F25C209CA00903C1F /* ContentView.swift */; };
		6001425525C209CB00903C1F /* Assets.xcassets in Resources */ = {isa = PBXBuildFile; fileRef = 6001424025C209CB00903C1F /* Assets.xcassets */; };
		6001425625C209CB00903C1F /* Assets.xcassets in Resources */ = {isa = PBXBuildFile; fileRef = 6001424025C209CB00903C1F /* Assets.xcassets */; };
		601392CF25C8C93C00143914 /* UserSettingsModel.swift in Sources */ = {isa = PBXBuildFile; fileRef = 606EDEFE25C433B200A461D4 /* UserSettingsModel.swift */; };
		6023507225C45E1300A31DE2 /* Autofiller Name.swift in Sources */ = {isa = PBXBuildFile; fileRef = 6023507125C45E1300A31DE2 /* Autofiller Name.swift */; };
		6024CA8C25C83678001147A8 /* SettingsLottie.json in Resources */ = {isa = PBXBuildFile; fileRef = 6024CA8B25C83678001147A8 /* SettingsLottie.json */; };
		604629E625D4399F00387004 /* SwiftUICharts in Frameworks */ = {isa = PBXBuildFile; productRef = 604629E525D4399F00387004 /* SwiftUICharts */; };
		60462A0D25D446CE00387004 /* ColorGardient.swift in Sources */ = {isa = PBXBuildFile; fileRef = 60462A0C25D446CE00387004 /* ColorGardient.swift */; };
		60699E9725C8AD51007B2519 /* WaterHydrationModel.xcdatamodeld in Sources */ = {isa = PBXBuildFile; fileRef = 60699E9525C8AD51007B2519 /* WaterHydrationModel.xcdatamodeld */; };
		60699E9825C8AD51007B2519 /* WaterHydrationModel.xcdatamodeld in Sources */ = {isa = PBXBuildFile; fileRef = 60699E9525C8AD51007B2519 /* WaterHydrationModel.xcdatamodeld */; };
		60699EBE25C8AE61007B2519 /* Persistence.swift in Sources */ = {isa = PBXBuildFile; fileRef = 60699EBD25C8AE61007B2519 /* Persistence.swift */; };
		60699EBF25C8AE61007B2519 /* Persistence.swift in Sources */ = {isa = PBXBuildFile; fileRef = 60699EBD25C8AE61007B2519 /* Persistence.swift */; };
		606EDEDF25C418E500A461D4 /* StickyView.swift in Sources */ = {isa = PBXBuildFile; fileRef = 606EDEDE25C418E500A461D4 /* StickyView.swift */; };
		606EDEE025C418E500A461D4 /* StickyView.swift in Sources */ = {isa = PBXBuildFile; fileRef = 606EDEDE25C418E500A461D4 /* StickyView.swift */; };
		606EDEF025C41A1D00A461D4 /* LottieView.swift in Sources */ = {isa = PBXBuildFile; fileRef = 606EDEEF25C41A1D00A461D4 /* LottieView.swift */; };
		606EDEF625C41A3700A461D4 /* ArrowDown.json in Resources */ = {isa = PBXBuildFile; fileRef = 606EDEF525C41A3700A461D4 /* ArrowDown.json */; };
		606EDEFF25C433B200A461D4 /* UserSettingsModel.swift in Sources */ = {isa = PBXBuildFile; fileRef = 606EDEFE25C433B200A461D4 /* UserSettingsModel.swift */; };
		607F279925FFC95100893DAF /* WaterPoor.mp3 in Resources */ = {isa = PBXBuildFile; fileRef = 607F279825FFC95100893DAF /* WaterPoor.mp3 */; };
		608B467625FA8E4600D23D8A /* SplashView.swift in Sources */ = {isa = PBXBuildFile; fileRef = 608B467525FA8E4600D23D8A /* SplashView.swift */; };
		608B467D25FA8E6700D23D8A /* SplashView.swift in Sources */ = {isa = PBXBuildFile; fileRef = 608B467525FA8E4600D23D8A /* SplashView.swift */; };
		608B468225FA8F4200D23D8A /* AllDataView.swift in Sources */ = {isa = PBXBuildFile; fileRef = 608B468125FA8F4200D23D8A /* AllDataView.swift */; };
		608B468325FA8F4200D23D8A /* AllDataView.swift in Sources */ = {isa = PBXBuildFile; fileRef = 608B468125FA8F4200D23D8A /* AllDataView.swift */; };
		60951DB925C9BB8D00489B18 /* PooringWater.mp3 in Resources */ = {isa = PBXBuildFile; fileRef = 60951DB825C9BB8D00489B18 /* PooringWater.mp3 */; };
		609E063D25C98DB100D1BA0B /* HydrationDailyData+CoreDataClass.swift in Sources */ = {isa = PBXBuildFile; fileRef = 609E063B25C98DB100D1BA0B /* HydrationDailyData+CoreDataClass.swift */; };
		609E063E25C98DB100D1BA0B /* HydrationDailyData+CoreDataProperties.swift in Sources */ = {isa = PBXBuildFile; fileRef = 609E063C25C98DB100D1BA0B /* HydrationDailyData+CoreDataProperties.swift */; };
		60A0EEEA25C8B1BB001A73CE /* HydrationData+CoreDataClass.swift in Sources */ = {isa = PBXBuildFile; fileRef = 60A0EEE825C8B1BB001A73CE /* HydrationData+CoreDataClass.swift */; };
		60A0EEEB25C8B1BB001A73CE /* HydrationData+CoreDataClass.swift in Sources */ = {isa = PBXBuildFile; fileRef = 60A0EEE825C8B1BB001A73CE /* HydrationData+CoreDataClass.swift */; };
		60A0EEEC25C8B1BB001A73CE /* HydrationData+CoreDataClass.swift in Sources */ = {isa = PBXBuildFile; fileRef = 60A0EEE825C8B1BB001A73CE /* HydrationData+CoreDataClass.swift */; };
		60A0EEED25C8B1BB001A73CE /* HydrationData+CoreDataProperties.swift in Sources */ = {isa = PBXBuildFile; fileRef = 60A0EEE925C8B1BB001A73CE /* HydrationData+CoreDataProperties.swift */; };
		60A0EEEE25C8B1BB001A73CE /* HydrationData+CoreDataProperties.swift in Sources */ = {isa = PBXBuildFile; fileRef = 60A0EEE925C8B1BB001A73CE /* HydrationData+CoreDataProperties.swift */; };
		60A0EEEF25C8B1BB001A73CE /* HydrationData+CoreDataProperties.swift in Sources */ = {isa = PBXBuildFile; fileRef = 60A0EEE925C8B1BB001A73CE /* HydrationData+CoreDataProperties.swift */; };
		60A0EEF725C8B48C001A73CE /* AddWaterView.swift in Sources */ = {isa = PBXBuildFile; fileRef = 60A0EEF625C8B48C001A73CE /* AddWaterView.swift */; };
		60B5C0E525CB19DE009A11E9 /* PastDataView.swift in Sources */ = {isa = PBXBuildFile; fileRef = 60B5C0E425CB19DE009A11E9 /* PastDataView.swift */; };
		60FB417525C2EDD900624103 /* WidgetKit.framework in Frameworks */ = {isa = PBXBuildFile; fileRef = 60FB417425C2EDD900624103 /* WidgetKit.framework */; };
		60FB417725C2EDD900624103 /* SwiftUI.framework in Frameworks */ = {isa = PBXBuildFile; fileRef = 60FB417625C2EDD900624103 /* SwiftUI.framework */; };
		60FB417A25C2EDD900624103 /* HydrateWidget.swift in Sources */ = {isa = PBXBuildFile; fileRef = 60FB417925C2EDD900624103 /* HydrateWidget.swift */; };
		60FB417D25C2EDDB00624103 /* Assets.xcassets in Resources */ = {isa = PBXBuildFile; fileRef = 60FB417C25C2EDDB00624103 /* Assets.xcassets */; };
		60FB417F25C2EDDB00624103 /* HydrateWidget.intentdefinition in Sources */ = {isa = PBXBuildFile; fileRef = 60FB417B25C2EDD900624103 /* HydrateWidget.intentdefinition */; };
		60FB418025C2EDDB00624103 /* HydrateWidget.intentdefinition in Sources */ = {isa = PBXBuildFile; fileRef = 60FB417B25C2EDD900624103 /* HydrateWidget.intentdefinition */; };
		60FB418325C2EDDB00624103 /* HydrateWidgetExtension.appex in Embed App Extensions */ = {isa = PBXBuildFile; fileRef = 60FB417225C2EDD900624103 /* HydrateWidgetExtension.appex */; settings = {ATTRIBUTES = (RemoveHeadersOnCopy, ); }; };
		60FB41CC25C3057F00624103 /* SettingsView.swift in Sources */ = {isa = PBXBuildFile; fileRef = 60FB41CB25C3057F00624103 /* SettingsView.swift */; };
		60FB41CD25C3057F00624103 /* SettingsView.swift in Sources */ = {isa = PBXBuildFile; fileRef = 60FB41CB25C3057F00624103 /* SettingsView.swift */; };
		60FB41D225C30DC800624103 /* SetupView.swift in Sources */ = {isa = PBXBuildFile; fileRef = 60FB41D125C30DC800624103 /* SetupView.swift */; };
		60FB41D325C30DC800624103 /* SetupView.swift in Sources */ = {isa = PBXBuildFile; fileRef = 60FB41D125C30DC800624103 /* SetupView.swift */; };
		95F15BF4A1AF0937D5497D07 /* Pods_Hydrate__iOS_.framework in Frameworks */ = {isa = PBXBuildFile; fileRef = 57CB2EA2A7BA620DB110C2C5 /* Pods_Hydrate__iOS_.framework */; };
/* End PBXBuildFile section */

/* Begin PBXContainerItemProxy section */
		60FB418125C2EDDB00624103 /* PBXContainerItemProxy */ = {
			isa = PBXContainerItemProxy;
			containerPortal = 6001423925C209CA00903C1F /* Project object */;
			proxyType = 1;
			remoteGlobalIDString = 60FB417125C2EDD900624103;
			remoteInfo = HydrateWidgetExtension;
		};
/* End PBXContainerItemProxy section */

/* Begin PBXCopyFilesBuildPhase section */
		60FB418425C2EDDB00624103 /* Embed App Extensions */ = {
			isa = PBXCopyFilesBuildPhase;
			buildActionMask = 2147483647;
			dstPath = "";
			dstSubfolderSpec = 13;
			files = (
				60FB418325C2EDDB00624103 /* HydrateWidgetExtension.appex in Embed App Extensions */,
			);
			name = "Embed App Extensions";
			runOnlyForDeploymentPostprocessing = 0;
		};
/* End PBXCopyFilesBuildPhase section */

/* Begin PBXFileReference section */
		0016060B25323104E30656F6 /* Pods_Hydrate__macOS_.framework */ = {isa = PBXFileReference; explicitFileType = wrapper.framework; includeInIndex = 0; path = Pods_Hydrate__macOS_.framework; sourceTree = BUILT_PRODUCTS_DIR; };
		05CB512272CB8783121E0485 /* Pods-Hydrate (iOS).debug.xcconfig */ = {isa = PBXFileReference; includeInIndex = 1; lastKnownFileType = text.xcconfig; name = "Pods-Hydrate (iOS).debug.xcconfig"; path = "Target Support Files/Pods-Hydrate (iOS)/Pods-Hydrate (iOS).debug.xcconfig"; sourceTree = "<group>"; };
		31DA1A9634A3310B6B0602A3 /* Pods-Hydrate (macOS).debug.xcconfig */ = {isa = PBXFileReference; includeInIndex = 1; lastKnownFileType = text.xcconfig; name = "Pods-Hydrate (macOS).debug.xcconfig"; path = "Target Support Files/Pods-Hydrate (macOS)/Pods-Hydrate (macOS).debug.xcconfig"; sourceTree = "<group>"; };
		325D8EA18B4A1FE29BDCA614 /* Pods-HydrateWidgetExtension.release.xcconfig */ = {isa = PBXFileReference; includeInIndex = 1; lastKnownFileType = text.xcconfig; name = "Pods-HydrateWidgetExtension.release.xcconfig"; path = "Target Support Files/Pods-HydrateWidgetExtension/Pods-HydrateWidgetExtension.release.xcconfig"; sourceTree = "<group>"; };
		32A5E11356596A657520EC1A /* Pods-Hydrate (macOS).release.xcconfig */ = {isa = PBXFileReference; includeInIndex = 1; lastKnownFileType = text.xcconfig; name = "Pods-Hydrate (macOS).release.xcconfig"; path = "Target Support Files/Pods-Hydrate (macOS)/Pods-Hydrate (macOS).release.xcconfig"; sourceTree = "<group>"; };
		57CB2EA2A7BA620DB110C2C5 /* Pods_Hydrate__iOS_.framework */ = {isa = PBXFileReference; explicitFileType = wrapper.framework; includeInIndex = 0; path = Pods_Hydrate__iOS_.framework; sourceTree = BUILT_PRODUCTS_DIR; };
		6001423E25C209CA00903C1F /* HydrateApp.swift */ = {isa = PBXFileReference; lastKnownFileType = sourcecode.swift; path = HydrateApp.swift; sourceTree = "<group>"; };
		6001423F25C209CA00903C1F /* ContentView.swift */ = {isa = PBXFileReference; lastKnownFileType = sourcecode.swift; path = ContentView.swift; sourceTree = "<group>"; };
		6001424025C209CB00903C1F /* Assets.xcassets */ = {isa = PBXFileReference; lastKnownFileType = folder.assetcatalog; path = Assets.xcassets; sourceTree = "<group>"; };
		6001424525C209CB00903C1F /* Hydrate.app */ = {isa = PBXFileReference; explicitFileType = wrapper.application; includeInIndex = 0; path = Hydrate.app; sourceTree = BUILT_PRODUCTS_DIR; };
		6001424825C209CB00903C1F /* Info.plist */ = {isa = PBXFileReference; lastKnownFileType = text.plist.xml; path = Info.plist; sourceTree = "<group>"; };
		6001424D25C209CB00903C1F /* Hydrate.app */ = {isa = PBXFileReference; explicitFileType = wrapper.application; includeInIndex = 0; path = Hydrate.app; sourceTree = BUILT_PRODUCTS_DIR; };
		6001424F25C209CB00903C1F /* Info.plist */ = {isa = PBXFileReference; lastKnownFileType = text.plist.xml; path = Info.plist; sourceTree = "<group>"; };
		6001425025C209CB00903C1F /* macOS.entitlements */ = {isa = PBXFileReference; lastKnownFileType = text.plist.entitlements; path = macOS.entitlements; sourceTree = "<group>"; };
		6023507125C45E1300A31DE2 /* Autofiller Name.swift */ = {isa = PBXFileReference; lastKnownFileType = sourcecode.swift; path = "Autofiller Name.swift"; sourceTree = "<group>"; };
		6024CA8B25C83678001147A8 /* SettingsLottie.json */ = {isa = PBXFileReference; fileEncoding = 4; lastKnownFileType = text.json; path = SettingsLottie.json; sourceTree = "<group>"; };
		60462A0C25D446CE00387004 /* ColorGardient.swift */ = {isa = PBXFileReference; lastKnownFileType = sourcecode.swift; path = ColorGardient.swift; sourceTree = "<group>"; };
		60699E9425C879EE007B2519 /* README.md */ = {isa = PBXFileReference; lastKnownFileType = net.daringfireball.markdown; path = README.md; sourceTree = "<group>"; };
		60699E9625C8AD51007B2519 /* WaterHydrationModel.xcdatamodel */ = {isa = PBXFileReference; lastKnownFileType = wrapper.xcdatamodel; path = WaterHydrationModel.xcdatamodel; sourceTree = "<group>"; };
		60699EBD25C8AE61007B2519 /* Persistence.swift */ = {isa = PBXFileReference; fileEncoding = 4; lastKnownFileType = sourcecode.swift; path = Persistence.swift; sourceTree = "<group>"; };
		606EDEDE25C418E500A461D4 /* StickyView.swift */ = {isa = PBXFileReference; fileEncoding = 4; lastKnownFileType = sourcecode.swift; path = StickyView.swift; sourceTree = "<group>"; };
		606EDEEF25C41A1D00A461D4 /* LottieView.swift */ = {isa = PBXFileReference; fileEncoding = 4; lastKnownFileType = sourcecode.swift; path = LottieView.swift; sourceTree = "<group>"; };
		606EDEF525C41A3700A461D4 /* ArrowDown.json */ = {isa = PBXFileReference; fileEncoding = 4; lastKnownFileType = text.json; path = ArrowDown.json; sourceTree = "<group>"; };
		606EDEFE25C433B200A461D4 /* UserSettingsModel.swift */ = {isa = PBXFileReference; lastKnownFileType = sourcecode.swift; path = UserSettingsModel.swift; sourceTree = "<group>"; };
		607F279825FFC95100893DAF /* WaterPoor.mp3 */ = {isa = PBXFileReference; lastKnownFileType = audio.mp3; path = WaterPoor.mp3; sourceTree = "<group>"; };
		608B467525FA8E4600D23D8A /* SplashView.swift */ = {isa = PBXFileReference; lastKnownFileType = sourcecode.swift; path = SplashView.swift; sourceTree = "<group>"; };
		608B468125FA8F4200D23D8A /* AllDataView.swift */ = {isa = PBXFileReference; lastKnownFileType = sourcecode.swift; path = AllDataView.swift; sourceTree = "<group>"; };
		60951DB825C9BB8D00489B18 /* PooringWater.mp3 */ = {isa = PBXFileReference; lastKnownFileType = audio.mp3; path = PooringWater.mp3; sourceTree = "<group>"; };
		609E063B25C98DB100D1BA0B /* HydrationDailyData+CoreDataClass.swift */ = {isa = PBXFileReference; lastKnownFileType = sourcecode.swift; path = "HydrationDailyData+CoreDataClass.swift"; sourceTree = "<group>"; };
		609E063C25C98DB100D1BA0B /* HydrationDailyData+CoreDataProperties.swift */ = {isa = PBXFileReference; lastKnownFileType = sourcecode.swift; path = "HydrationDailyData+CoreDataProperties.swift"; sourceTree = "<group>"; };
		60A0EEE825C8B1BB001A73CE /* HydrationData+CoreDataClass.swift */ = {isa = PBXFileReference; lastKnownFileType = sourcecode.swift; path = "HydrationData+CoreDataClass.swift"; sourceTree = "<group>"; };
		60A0EEE925C8B1BB001A73CE /* HydrationData+CoreDataProperties.swift */ = {isa = PBXFileReference; lastKnownFileType = sourcecode.swift; path = "HydrationData+CoreDataProperties.swift"; sourceTree = "<group>"; };
		60A0EEF625C8B48C001A73CE /* AddWaterView.swift */ = {isa = PBXFileReference; lastKnownFileType = sourcecode.swift; path = AddWaterView.swift; sourceTree = "<group>"; };
		60B5C0E425CB19DE009A11E9 /* PastDataView.swift */ = {isa = PBXFileReference; lastKnownFileType = sourcecode.swift; path = PastDataView.swift; sourceTree = "<group>"; };
		60FB417225C2EDD900624103 /* HydrateWidgetExtension.appex */ = {isa = PBXFileReference; explicitFileType = "wrapper.app-extension"; includeInIndex = 0; path = HydrateWidgetExtension.appex; sourceTree = BUILT_PRODUCTS_DIR; };
		60FB417425C2EDD900624103 /* WidgetKit.framework */ = {isa = PBXFileReference; lastKnownFileType = wrapper.framework; name = WidgetKit.framework; path = System/Library/Frameworks/WidgetKit.framework; sourceTree = SDKROOT; };
		60FB417625C2EDD900624103 /* SwiftUI.framework */ = {isa = PBXFileReference; lastKnownFileType = wrapper.framework; name = SwiftUI.framework; path = System/Library/Frameworks/SwiftUI.framework; sourceTree = SDKROOT; };
		60FB417925C2EDD900624103 /* HydrateWidget.swift */ = {isa = PBXFileReference; lastKnownFileType = sourcecode.swift; path = HydrateWidget.swift; sourceTree = "<group>"; };
		60FB417B25C2EDD900624103 /* HydrateWidget.intentdefinition */ = {isa = PBXFileReference; lastKnownFileType = file.intentdefinition; path = HydrateWidget.intentdefinition; sourceTree = "<group>"; };
		60FB417C25C2EDDB00624103 /* Assets.xcassets */ = {isa = PBXFileReference; lastKnownFileType = folder.assetcatalog; path = Assets.xcassets; sourceTree = "<group>"; };
		60FB417E25C2EDDB00624103 /* Info.plist */ = {isa = PBXFileReference; lastKnownFileType = text.plist.xml; path = Info.plist; sourceTree = "<group>"; };
		60FB41CB25C3057F00624103 /* SettingsView.swift */ = {isa = PBXFileReference; lastKnownFileType = sourcecode.swift; path = SettingsView.swift; sourceTree = "<group>"; };
		60FB41D125C30DC800624103 /* SetupView.swift */ = {isa = PBXFileReference; lastKnownFileType = sourcecode.swift; path = SetupView.swift; sourceTree = "<group>"; };
		6B407AAAE158CF78EA439675 /* Pods-HydrateWidgetExtension.debug.xcconfig */ = {isa = PBXFileReference; includeInIndex = 1; lastKnownFileType = text.xcconfig; name = "Pods-HydrateWidgetExtension.debug.xcconfig"; path = "Target Support Files/Pods-HydrateWidgetExtension/Pods-HydrateWidgetExtension.debug.xcconfig"; sourceTree = "<group>"; };
		9902DD68EBAEBD8BE6279FB0 /* Pods_HydrateWidgetExtension.framework */ = {isa = PBXFileReference; explicitFileType = wrapper.framework; includeInIndex = 0; path = Pods_HydrateWidgetExtension.framework; sourceTree = BUILT_PRODUCTS_DIR; };
		EE9DEB35CDD3B68508305499 /* Pods-Hydrate (iOS).release.xcconfig */ = {isa = PBXFileReference; includeInIndex = 1; lastKnownFileType = text.xcconfig; name = "Pods-Hydrate (iOS).release.xcconfig"; path = "Target Support Files/Pods-Hydrate (iOS)/Pods-Hydrate (iOS).release.xcconfig"; sourceTree = "<group>"; };
/* End PBXFileReference section */

/* Begin PBXFrameworksBuildPhase section */
		6001424225C209CB00903C1F /* Frameworks */ = {
			isa = PBXFrameworksBuildPhase;
			buildActionMask = 2147483647;
			files = (
				95F15BF4A1AF0937D5497D07 /* Pods_Hydrate__iOS_.framework in Frameworks */,
				604629E625D4399F00387004 /* SwiftUICharts in Frameworks */,
			);
			runOnlyForDeploymentPostprocessing = 0;
		};
		6001424A25C209CB00903C1F /* Frameworks */ = {
			isa = PBXFrameworksBuildPhase;
			buildActionMask = 2147483647;
			files = (
				51183532E30EB121A2DF9CFA /* Pods_Hydrate__macOS_.framework in Frameworks */,
			);
			runOnlyForDeploymentPostprocessing = 0;
		};
		60FB416F25C2EDD900624103 /* Frameworks */ = {
			isa = PBXFrameworksBuildPhase;
			buildActionMask = 2147483647;
			files = (
				60FB417725C2EDD900624103 /* SwiftUI.framework in Frameworks */,
				60FB417525C2EDD900624103 /* WidgetKit.framework in Frameworks */,
				29AF44549F0E87939BADF2BE /* Pods_HydrateWidgetExtension.framework in Frameworks */,
			);
			runOnlyForDeploymentPostprocessing = 0;
		};
/* End PBXFrameworksBuildPhase section */

/* Begin PBXGroup section */
		1C643D9AF1A488E1468D7DD2 /* Pods */ = {
			isa = PBXGroup;
			children = (
				05CB512272CB8783121E0485 /* Pods-Hydrate (iOS).debug.xcconfig */,
				EE9DEB35CDD3B68508305499 /* Pods-Hydrate (iOS).release.xcconfig */,
				31DA1A9634A3310B6B0602A3 /* Pods-Hydrate (macOS).debug.xcconfig */,
				32A5E11356596A657520EC1A /* Pods-Hydrate (macOS).release.xcconfig */,
				6B407AAAE158CF78EA439675 /* Pods-HydrateWidgetExtension.debug.xcconfig */,
				325D8EA18B4A1FE29BDCA614 /* Pods-HydrateWidgetExtension.release.xcconfig */,
			);
			path = Pods;
			sourceTree = "<group>";
		};
		6001423825C209CA00903C1F = {
			isa = PBXGroup;
			children = (
				609E063B25C98DB100D1BA0B /* HydrationDailyData+CoreDataClass.swift */,
				609E063C25C98DB100D1BA0B /* HydrationDailyData+CoreDataProperties.swift */,
				60A0EEE825C8B1BB001A73CE /* HydrationData+CoreDataClass.swift */,
				60A0EEE925C8B1BB001A73CE /* HydrationData+CoreDataProperties.swift */,
				60699E9425C879EE007B2519 /* README.md */,
				6001423D25C209CA00903C1F /* Shared */,
				6001424725C209CB00903C1F /* iOS */,
				6001424E25C209CB00903C1F /* macOS */,
				60FB417825C2EDD900624103 /* HydrateWidget */,
				60FB417325C2EDD900624103 /* Frameworks */,
				6001424625C209CB00903C1F /* Products */,
				1C643D9AF1A488E1468D7DD2 /* Pods */,
			);
			sourceTree = "<group>";
		};
		6001423D25C209CA00903C1F /* Shared */ = {
			isa = PBXGroup;
			children = (
				606EDEFD25C433A300A461D4 /* Models */,
				606EDEEB25C41A1300A461D4 /* Extensions */,
				60FB41CA25C3056A00624103 /* Views */,
				6001423E25C209CA00903C1F /* HydrateApp.swift */,
				60699EBD25C8AE61007B2519 /* Persistence.swift */,
				6001424025C209CB00903C1F /* Assets.xcassets */,
				60699E9525C8AD51007B2519 /* WaterHydrationModel.xcdatamodeld */,
			);
			path = Shared;
			sourceTree = "<group>";
		};
		6001424625C209CB00903C1F /* Products */ = {
			isa = PBXGroup;
			children = (
				6001424525C209CB00903C1F /* Hydrate.app */,
				6001424D25C209CB00903C1F /* Hydrate.app */,
				60FB417225C2EDD900624103 /* HydrateWidgetExtension.appex */,
			);
			name = Products;
			sourceTree = "<group>";
		};
		6001424725C209CB00903C1F /* iOS */ = {
			isa = PBXGroup;
			children = (
				6001424825C209CB00903C1F /* Info.plist */,
			);
			path = iOS;
			sourceTree = "<group>";
		};
		6001424E25C209CB00903C1F /* macOS */ = {
			isa = PBXGroup;
			children = (
				6001424F25C209CB00903C1F /* Info.plist */,
				6001425025C209CB00903C1F /* macOS.entitlements */,
			);
			path = macOS;
			sourceTree = "<group>";
		};
		606EDEEB25C41A1300A461D4 /* Extensions */ = {
			isa = PBXGroup;
			children = (
				609E064425C9B67100D1BA0B /* SoundEffect */,
				606EDEEF25C41A1D00A461D4 /* LottieView.swift */,
				6023507125C45E1300A31DE2 /* Autofiller Name.swift */,
				60462A0C25D446CE00387004 /* ColorGardient.swift */,
			);
			path = Extensions;
			sourceTree = "<group>";
		};
		606EDEF425C41A2D00A461D4 /* Lottie JSON */ = {
			isa = PBXGroup;
			children = (
				606EDEF525C41A3700A461D4 /* ArrowDown.json */,
				6024CA8B25C83678001147A8 /* SettingsLottie.json */,
			);
			path = "Lottie JSON";
			sourceTree = "<group>";
		};
		606EDEFD25C433A300A461D4 /* Models */ = {
			isa = PBXGroup;
			children = (
				606EDEFE25C433B200A461D4 /* UserSettingsModel.swift */,
				606EDEF425C41A2D00A461D4 /* Lottie JSON */,
			);
			path = Models;
			sourceTree = "<group>";
		};
		609E064425C9B67100D1BA0B /* SoundEffect */ = {
			isa = PBXGroup;
			children = (
				607F279825FFC95100893DAF /* WaterPoor.mp3 */,
				60951DB825C9BB8D00489B18 /* PooringWater.mp3 */,
			);
			path = SoundEffect;
			sourceTree = "<group>";
		};
		60FB417325C2EDD900624103 /* Frameworks */ = {
			isa = PBXGroup;
			children = (
				60FB417425C2EDD900624103 /* WidgetKit.framework */,
				60FB417625C2EDD900624103 /* SwiftUI.framework */,
				57CB2EA2A7BA620DB110C2C5 /* Pods_Hydrate__iOS_.framework */,
				0016060B25323104E30656F6 /* Pods_Hydrate__macOS_.framework */,
				9902DD68EBAEBD8BE6279FB0 /* Pods_HydrateWidgetExtension.framework */,
			);
			name = Frameworks;
			sourceTree = "<group>";
		};
		60FB417825C2EDD900624103 /* HydrateWidget */ = {
			isa = PBXGroup;
			children = (
				60FB417925C2EDD900624103 /* HydrateWidget.swift */,
				60FB417B25C2EDD900624103 /* HydrateWidget.intentdefinition */,
				60FB417C25C2EDDB00624103 /* Assets.xcassets */,
				60FB417E25C2EDDB00624103 /* Info.plist */,
			);
			path = HydrateWidget;
			sourceTree = "<group>";
		};
		60FB41CA25C3056A00624103 /* Views */ = {
			isa = PBXGroup;
			children = (
				608B468125FA8F4200D23D8A /* AllDataView.swift */,
				608B467525FA8E4600D23D8A /* SplashView.swift */,
				6001423F25C209CA00903C1F /* ContentView.swift */,
				60FB41CB25C3057F00624103 /* SettingsView.swift */,
				606EDEDE25C418E500A461D4 /* StickyView.swift */,
				60FB41D125C30DC800624103 /* SetupView.swift */,
				60A0EEF625C8B48C001A73CE /* AddWaterView.swift */,
				60B5C0E425CB19DE009A11E9 /* PastDataView.swift */,
			);
			path = Views;
			sourceTree = "<group>";
		};
/* End PBXGroup section */

/* Begin PBXNativeTarget section */
		6001424425C209CB00903C1F /* Hydrate (iOS) */ = {
			isa = PBXNativeTarget;
			buildConfigurationList = 6001425925C209CB00903C1F /* Build configuration list for PBXNativeTarget "Hydrate (iOS)" */;
			buildPhases = (
				40B03A19A611FF890C0FBBB6 /* [CP] Check Pods Manifest.lock */,
				6001424125C209CB00903C1F /* Sources */,
				6001424225C209CB00903C1F /* Frameworks */,
				6001424325C209CB00903C1F /* Resources */,
				60FB418425C2EDDB00624103 /* Embed App Extensions */,
				A00ED62E8CBF1D8325848E30 /* [CP] Embed Pods Frameworks */,
			);
			buildRules = (
			);
			dependencies = (
				60FB418225C2EDDB00624103 /* PBXTargetDependency */,
			);
			name = "Hydrate (iOS)";
			packageProductDependencies = (
				604629E525D4399F00387004 /* SwiftUICharts */,
			);
			productName = "Hydrate (iOS)";
			productReference = 6001424525C209CB00903C1F /* Hydrate.app */;
			productType = "com.apple.product-type.application";
		};
		6001424C25C209CB00903C1F /* Hydrate (macOS) */ = {
			isa = PBXNativeTarget;
			buildConfigurationList = 6001425C25C209CB00903C1F /* Build configuration list for PBXNativeTarget "Hydrate (macOS)" */;
			buildPhases = (
				8F68B9744AD3C54EC5EAF1BB /* [CP] Check Pods Manifest.lock */,
				6001424925C209CB00903C1F /* Sources */,
				6001424A25C209CB00903C1F /* Frameworks */,
				6001424B25C209CB00903C1F /* Resources */,
				5AC438BFD6650D67589FC7A8 /* [CP] Embed Pods Frameworks */,
			);
			buildRules = (
			);
			dependencies = (
			);
			name = "Hydrate (macOS)";
			productName = "Hydrate (macOS)";
			productReference = 6001424D25C209CB00903C1F /* Hydrate.app */;
			productType = "com.apple.product-type.application";
		};
		60FB417125C2EDD900624103 /* HydrateWidgetExtension */ = {
			isa = PBXNativeTarget;
			buildConfigurationList = 60FB418725C2EDDB00624103 /* Build configuration list for PBXNativeTarget "HydrateWidgetExtension" */;
			buildPhases = (
				21AEF2A4C73F603EFF0B9E28 /* [CP] Check Pods Manifest.lock */,
				60FB416E25C2EDD900624103 /* Sources */,
				60FB416F25C2EDD900624103 /* Frameworks */,
				60FB417025C2EDD900624103 /* Resources */,
			);
			buildRules = (
			);
			dependencies = (
			);
			name = HydrateWidgetExtension;
			productName = HydrateWidgetExtension;
			productReference = 60FB417225C2EDD900624103 /* HydrateWidgetExtension.appex */;
			productType = "com.apple.product-type.app-extension";
		};
/* End PBXNativeTarget section */

/* Begin PBXProject section */
		6001423925C209CA00903C1F /* Project object */ = {
			isa = PBXProject;
			attributes = {
				LastSwiftUpdateCheck = 1240;
				LastUpgradeCheck = 1240;
				TargetAttributes = {
					6001424425C209CB00903C1F = {
						CreatedOnToolsVersion = 12.4;
					};
					6001424C25C209CB00903C1F = {
						CreatedOnToolsVersion = 12.4;
					};
					60FB417125C2EDD900624103 = {
						CreatedOnToolsVersion = 12.4;
					};
				};
			};
			buildConfigurationList = 6001423C25C209CA00903C1F /* Build configuration list for PBXProject "Hydrate" */;
			compatibilityVersion = "Xcode 9.3";
			developmentRegion = en;
			hasScannedForEncodings = 0;
			knownRegions = (
				en,
				Base,
			);
			mainGroup = 6001423825C209CA00903C1F;
			packageReferences = (
				604629E425D4399F00387004 /* XCRemoteSwiftPackageReference "ChartView" */,
			);
			productRefGroup = 6001424625C209CB00903C1F /* Products */;
			projectDirPath = "";
			projectRoot = "";
			targets = (
				6001424425C209CB00903C1F /* Hydrate (iOS) */,
				6001424C25C209CB00903C1F /* Hydrate (macOS) */,
				60FB417125C2EDD900624103 /* HydrateWidgetExtension */,
			);
		};
/* End PBXProject section */

/* Begin PBXResourcesBuildPhase section */
		6001424325C209CB00903C1F /* Resources */ = {
			isa = PBXResourcesBuildPhase;
			buildActionMask = 2147483647;
			files = (
				60951DB925C9BB8D00489B18 /* PooringWater.mp3 in Resources */,
				607F279925FFC95100893DAF /* WaterPoor.mp3 in Resources */,
				6024CA8C25C83678001147A8 /* SettingsLottie.json in Resources */,
				6001425525C209CB00903C1F /* Assets.xcassets in Resources */,
				606EDEF625C41A3700A461D4 /* ArrowDown.json in Resources */,
			);
			runOnlyForDeploymentPostprocessing = 0;
		};
		6001424B25C209CB00903C1F /* Resources */ = {
			isa = PBXResourcesBuildPhase;
			buildActionMask = 2147483647;
			files = (
				6001425625C209CB00903C1F /* Assets.xcassets in Resources */,
			);
			runOnlyForDeploymentPostprocessing = 0;
		};
		60FB417025C2EDD900624103 /* Resources */ = {
			isa = PBXResourcesBuildPhase;
			buildActionMask = 2147483647;
			files = (
				60FB417D25C2EDDB00624103 /* Assets.xcassets in Resources */,
			);
			runOnlyForDeploymentPostprocessing = 0;
		};
/* End PBXResourcesBuildPhase section */

/* Begin PBXShellScriptBuildPhase section */
		21AEF2A4C73F603EFF0B9E28 /* [CP] Check Pods Manifest.lock */ = {
			isa = PBXShellScriptBuildPhase;
			buildActionMask = 2147483647;
			files = (
			);
			inputFileListPaths = (
			);
			inputPaths = (
				"${PODS_PODFILE_DIR_PATH}/Podfile.lock",
				"${PODS_ROOT}/Manifest.lock",
			);
			name = "[CP] Check Pods Manifest.lock";
			outputFileListPaths = (
			);
			outputPaths = (
				"$(DERIVED_FILE_DIR)/Pods-HydrateWidgetExtension-checkManifestLockResult.txt",
			);
			runOnlyForDeploymentPostprocessing = 0;
			shellPath = /bin/sh;
			shellScript = "diff \"${PODS_PODFILE_DIR_PATH}/Podfile.lock\" \"${PODS_ROOT}/Manifest.lock\" > /dev/null\nif [ $? != 0 ] ; then\n    # print error to STDERR\n    echo \"error: The sandbox is not in sync with the Podfile.lock. Run 'pod install' or update your CocoaPods installation.\" >&2\n    exit 1\nfi\n# This output is used by Xcode 'outputs' to avoid re-running this script phase.\necho \"SUCCESS\" > \"${SCRIPT_OUTPUT_FILE_0}\"\n";
			showEnvVarsInLog = 0;
		};
		40B03A19A611FF890C0FBBB6 /* [CP] Check Pods Manifest.lock */ = {
			isa = PBXShellScriptBuildPhase;
			buildActionMask = 2147483647;
			files = (
			);
			inputFileListPaths = (
			);
			inputPaths = (
				"${PODS_PODFILE_DIR_PATH}/Podfile.lock",
				"${PODS_ROOT}/Manifest.lock",
			);
			name = "[CP] Check Pods Manifest.lock";
			outputFileListPaths = (
			);
			outputPaths = (
				"$(DERIVED_FILE_DIR)/Pods-Hydrate (iOS)-checkManifestLockResult.txt",
			);
			runOnlyForDeploymentPostprocessing = 0;
			shellPath = /bin/sh;
			shellScript = "diff \"${PODS_PODFILE_DIR_PATH}/Podfile.lock\" \"${PODS_ROOT}/Manifest.lock\" > /dev/null\nif [ $? != 0 ] ; then\n    # print error to STDERR\n    echo \"error: The sandbox is not in sync with the Podfile.lock. Run 'pod install' or update your CocoaPods installation.\" >&2\n    exit 1\nfi\n# This output is used by Xcode 'outputs' to avoid re-running this script phase.\necho \"SUCCESS\" > \"${SCRIPT_OUTPUT_FILE_0}\"\n";
			showEnvVarsInLog = 0;
		};
		5AC438BFD6650D67589FC7A8 /* [CP] Embed Pods Frameworks */ = {
			isa = PBXShellScriptBuildPhase;
			buildActionMask = 2147483647;
			files = (
			);
			inputFileListPaths = (
				"${PODS_ROOT}/Target Support Files/Pods-Hydrate (macOS)/Pods-Hydrate (macOS)-frameworks-${CONFIGURATION}-input-files.xcfilelist",
			);
			name = "[CP] Embed Pods Frameworks";
			outputFileListPaths = (
				"${PODS_ROOT}/Target Support Files/Pods-Hydrate (macOS)/Pods-Hydrate (macOS)-frameworks-${CONFIGURATION}-output-files.xcfilelist",
			);
			runOnlyForDeploymentPostprocessing = 0;
			shellPath = /bin/sh;
			shellScript = "\"${PODS_ROOT}/Target Support Files/Pods-Hydrate (macOS)/Pods-Hydrate (macOS)-frameworks.sh\"\n";
			showEnvVarsInLog = 0;
		};
		8F68B9744AD3C54EC5EAF1BB /* [CP] Check Pods Manifest.lock */ = {
			isa = PBXShellScriptBuildPhase;
			buildActionMask = 2147483647;
			files = (
			);
			inputFileListPaths = (
			);
			inputPaths = (
				"${PODS_PODFILE_DIR_PATH}/Podfile.lock",
				"${PODS_ROOT}/Manifest.lock",
			);
			name = "[CP] Check Pods Manifest.lock";
			outputFileListPaths = (
			);
			outputPaths = (
				"$(DERIVED_FILE_DIR)/Pods-Hydrate (macOS)-checkManifestLockResult.txt",
			);
			runOnlyForDeploymentPostprocessing = 0;
			shellPath = /bin/sh;
			shellScript = "diff \"${PODS_PODFILE_DIR_PATH}/Podfile.lock\" \"${PODS_ROOT}/Manifest.lock\" > /dev/null\nif [ $? != 0 ] ; then\n    # print error to STDERR\n    echo \"error: The sandbox is not in sync with the Podfile.lock. Run 'pod install' or update your CocoaPods installation.\" >&2\n    exit 1\nfi\n# This output is used by Xcode 'outputs' to avoid re-running this script phase.\necho \"SUCCESS\" > \"${SCRIPT_OUTPUT_FILE_0}\"\n";
			showEnvVarsInLog = 0;
		};
		A00ED62E8CBF1D8325848E30 /* [CP] Embed Pods Frameworks */ = {
			isa = PBXShellScriptBuildPhase;
			buildActionMask = 2147483647;
			files = (
			);
			inputFileListPaths = (
				"${PODS_ROOT}/Target Support Files/Pods-Hydrate (iOS)/Pods-Hydrate (iOS)-frameworks-${CONFIGURATION}-input-files.xcfilelist",
			);
			name = "[CP] Embed Pods Frameworks";
			outputFileListPaths = (
				"${PODS_ROOT}/Target Support Files/Pods-Hydrate (iOS)/Pods-Hydrate (iOS)-frameworks-${CONFIGURATION}-output-files.xcfilelist",
			);
			runOnlyForDeploymentPostprocessing = 0;
			shellPath = /bin/sh;
			shellScript = "\"${PODS_ROOT}/Target Support Files/Pods-Hydrate (iOS)/Pods-Hydrate (iOS)-frameworks.sh\"\n";
			showEnvVarsInLog = 0;
		};
/* End PBXShellScriptBuildPhase section */

/* Begin PBXSourcesBuildPhase section */
		6001424125C209CB00903C1F /* Sources */ = {
			isa = PBXSourcesBuildPhase;
			buildActionMask = 2147483647;
			files = (
				609E063E25C98DB100D1BA0B /* HydrationDailyData+CoreDataProperties.swift in Sources */,
				609E063D25C98DB100D1BA0B /* HydrationDailyData+CoreDataClass.swift in Sources */,
				60699EBE25C8AE61007B2519 /* Persistence.swift in Sources */,
				6001425325C209CB00903C1F /* ContentView.swift in Sources */,
				60FB41CC25C3057F00624103 /* SettingsView.swift in Sources */,
				6023507225C45E1300A31DE2 /* Autofiller Name.swift in Sources */,
				60A0EEEA25C8B1BB001A73CE /* HydrationData+CoreDataClass.swift in Sources */,
				60FB418025C2EDDB00624103 /* HydrateWidget.intentdefinition in Sources */,
				60699E9725C8AD51007B2519 /* WaterHydrationModel.xcdatamodeld in Sources */,
				60A0EEED25C8B1BB001A73CE /* HydrationData+CoreDataProperties.swift in Sources */,
				608B468225FA8F4200D23D8A /* AllDataView.swift in Sources */,
				60A0EEF725C8B48C001A73CE /* AddWaterView.swift in Sources */,
				60462A0D25D446CE00387004 /* ColorGardient.swift in Sources */,
				606EDEFF25C433B200A461D4 /* UserSettingsModel.swift in Sources */,
				608B467625FA8E4600D23D8A /* SplashView.swift in Sources */,
				60B5C0E525CB19DE009A11E9 /* PastDataView.swift in Sources */,
				60FB41D225C30DC800624103 /* SetupView.swift in Sources */,
				606EDEF025C41A1D00A461D4 /* LottieView.swift in Sources */,
				6001425125C209CB00903C1F /* HydrateApp.swift in Sources */,
				606EDEDF25C418E500A461D4 /* StickyView.swift in Sources */,
			);
			runOnlyForDeploymentPostprocessing = 0;
		};
		6001424925C209CB00903C1F /* Sources */ = {
			isa = PBXSourcesBuildPhase;
			buildActionMask = 2147483647;
			files = (
				60FB41CD25C3057F00624103 /* SettingsView.swift in Sources */,
				608B467D25FA8E6700D23D8A /* SplashView.swift in Sources */,
				606EDEE025C418E500A461D4 /* StickyView.swift in Sources */,
				601392CF25C8C93C00143914 /* UserSettingsModel.swift in Sources */,
				60699E9825C8AD51007B2519 /* WaterHydrationModel.xcdatamodeld in Sources */,
				60699EBF25C8AE61007B2519 /* Persistence.swift in Sources */,
				60A0EEEB25C8B1BB001A73CE /* HydrationData+CoreDataClass.swift in Sources */,
				6001425425C209CB00903C1F /* ContentView.swift in Sources */,
				60FB41D325C30DC800624103 /* SetupView.swift in Sources */,
				60A0EEEE25C8B1BB001A73CE /* HydrationData+CoreDataProperties.swift in Sources */,
				608B468325FA8F4200D23D8A /* AllDataView.swift in Sources */,
				6001425225C209CB00903C1F /* HydrateApp.swift in Sources */,
			);
			runOnlyForDeploymentPostprocessing = 0;
		};
		60FB416E25C2EDD900624103 /* Sources */ = {
			isa = PBXSourcesBuildPhase;
			buildActionMask = 2147483647;
			files = (
				60A0EEEF25C8B1BB001A73CE /* HydrationData+CoreDataProperties.swift in Sources */,
				60FB417F25C2EDDB00624103 /* HydrateWidget.intentdefinition in Sources */,
				60A0EEEC25C8B1BB001A73CE /* HydrationData+CoreDataClass.swift in Sources */,
				60FB417A25C2EDD900624103 /* HydrateWidget.swift in Sources */,
			);
			runOnlyForDeploymentPostprocessing = 0;
		};
/* End PBXSourcesBuildPhase section */

/* Begin PBXTargetDependency section */
		60FB418225C2EDDB00624103 /* PBXTargetDependency */ = {
			isa = PBXTargetDependency;
			target = 60FB417125C2EDD900624103 /* HydrateWidgetExtension */;
			targetProxy = 60FB418125C2EDDB00624103 /* PBXContainerItemProxy */;
		};
/* End PBXTargetDependency section */

/* Begin XCBuildConfiguration section */
		6001425725C209CB00903C1F /* Debug */ = {
			isa = XCBuildConfiguration;
			buildSettings = {
				ALWAYS_SEARCH_USER_PATHS = NO;
				CLANG_ANALYZER_NONNULL = YES;
				CLANG_ANALYZER_NUMBER_OBJECT_CONVERSION = YES_AGGRESSIVE;
				CLANG_CXX_LANGUAGE_STANDARD = "gnu++14";
				CLANG_CXX_LIBRARY = "libc++";
				CLANG_ENABLE_MODULES = YES;
				CLANG_ENABLE_OBJC_ARC = YES;
				CLANG_ENABLE_OBJC_WEAK = YES;
				CLANG_WARN_BLOCK_CAPTURE_AUTORELEASING = YES;
				CLANG_WARN_BOOL_CONVERSION = YES;
				CLANG_WARN_COMMA = YES;
				CLANG_WARN_CONSTANT_CONVERSION = YES;
				CLANG_WARN_DEPRECATED_OBJC_IMPLEMENTATIONS = YES;
				CLANG_WARN_DIRECT_OBJC_ISA_USAGE = YES_ERROR;
				CLANG_WARN_DOCUMENTATION_COMMENTS = YES;
				CLANG_WARN_EMPTY_BODY = YES;
				CLANG_WARN_ENUM_CONVERSION = YES;
				CLANG_WARN_INFINITE_RECURSION = YES;
				CLANG_WARN_INT_CONVERSION = YES;
				CLANG_WARN_NON_LITERAL_NULL_CONVERSION = YES;
				CLANG_WARN_OBJC_IMPLICIT_RETAIN_SELF = YES;
				CLANG_WARN_OBJC_LITERAL_CONVERSION = YES;
				CLANG_WARN_OBJC_ROOT_CLASS = YES_ERROR;
				CLANG_WARN_QUOTED_INCLUDE_IN_FRAMEWORK_HEADER = YES;
				CLANG_WARN_RANGE_LOOP_ANALYSIS = YES;
				CLANG_WARN_STRICT_PROTOTYPES = YES;
				CLANG_WARN_SUSPICIOUS_MOVE = YES;
				CLANG_WARN_UNGUARDED_AVAILABILITY = YES_AGGRESSIVE;
				CLANG_WARN_UNREACHABLE_CODE = YES;
				CLANG_WARN__DUPLICATE_METHOD_MATCH = YES;
				COPY_PHASE_STRIP = NO;
				DEBUG_INFORMATION_FORMAT = dwarf;
				ENABLE_STRICT_OBJC_MSGSEND = YES;
				ENABLE_TESTABILITY = YES;
				GCC_C_LANGUAGE_STANDARD = gnu11;
				GCC_DYNAMIC_NO_PIC = NO;
				GCC_NO_COMMON_BLOCKS = YES;
				GCC_OPTIMIZATION_LEVEL = 0;
				GCC_PREPROCESSOR_DEFINITIONS = (
					"DEBUG=1",
					"$(inherited)",
				);
				GCC_WARN_64_TO_32_BIT_CONVERSION = YES;
				GCC_WARN_ABOUT_RETURN_TYPE = YES_ERROR;
				GCC_WARN_UNDECLARED_SELECTOR = YES;
				GCC_WARN_UNINITIALIZED_AUTOS = YES_AGGRESSIVE;
				GCC_WARN_UNUSED_FUNCTION = YES;
				GCC_WARN_UNUSED_VARIABLE = YES;
				MTL_ENABLE_DEBUG_INFO = INCLUDE_SOURCE;
				MTL_FAST_MATH = YES;
				ONLY_ACTIVE_ARCH = YES;
				SWIFT_ACTIVE_COMPILATION_CONDITIONS = DEBUG;
				SWIFT_OPTIMIZATION_LEVEL = "-Onone";
			};
			name = Debug;
		};
		6001425825C209CB00903C1F /* Release */ = {
			isa = XCBuildConfiguration;
			buildSettings = {
				ALWAYS_SEARCH_USER_PATHS = NO;
				CLANG_ANALYZER_NONNULL = YES;
				CLANG_ANALYZER_NUMBER_OBJECT_CONVERSION = YES_AGGRESSIVE;
				CLANG_CXX_LANGUAGE_STANDARD = "gnu++14";
				CLANG_CXX_LIBRARY = "libc++";
				CLANG_ENABLE_MODULES = YES;
				CLANG_ENABLE_OBJC_ARC = YES;
				CLANG_ENABLE_OBJC_WEAK = YES;
				CLANG_WARN_BLOCK_CAPTURE_AUTORELEASING = YES;
				CLANG_WARN_BOOL_CONVERSION = YES;
				CLANG_WARN_COMMA = YES;
				CLANG_WARN_CONSTANT_CONVERSION = YES;
				CLANG_WARN_DEPRECATED_OBJC_IMPLEMENTATIONS = YES;
				CLANG_WARN_DIRECT_OBJC_ISA_USAGE = YES_ERROR;
				CLANG_WARN_DOCUMENTATION_COMMENTS = YES;
				CLANG_WARN_EMPTY_BODY = YES;
				CLANG_WARN_ENUM_CONVERSION = YES;
				CLANG_WARN_INFINITE_RECURSION = YES;
				CLANG_WARN_INT_CONVERSION = YES;
				CLANG_WARN_NON_LITERAL_NULL_CONVERSION = YES;
				CLANG_WARN_OBJC_IMPLICIT_RETAIN_SELF = YES;
				CLANG_WARN_OBJC_LITERAL_CONVERSION = YES;
				CLANG_WARN_OBJC_ROOT_CLASS = YES_ERROR;
				CLANG_WARN_QUOTED_INCLUDE_IN_FRAMEWORK_HEADER = YES;
				CLANG_WARN_RANGE_LOOP_ANALYSIS = YES;
				CLANG_WARN_STRICT_PROTOTYPES = YES;
				CLANG_WARN_SUSPICIOUS_MOVE = YES;
				CLANG_WARN_UNGUARDED_AVAILABILITY = YES_AGGRESSIVE;
				CLANG_WARN_UNREACHABLE_CODE = YES;
				CLANG_WARN__DUPLICATE_METHOD_MATCH = YES;
				COPY_PHASE_STRIP = NO;
				DEBUG_INFORMATION_FORMAT = "dwarf-with-dsym";
				ENABLE_NS_ASSERTIONS = NO;
				ENABLE_STRICT_OBJC_MSGSEND = YES;
				GCC_C_LANGUAGE_STANDARD = gnu11;
				GCC_NO_COMMON_BLOCKS = YES;
				GCC_WARN_64_TO_32_BIT_CONVERSION = YES;
				GCC_WARN_ABOUT_RETURN_TYPE = YES_ERROR;
				GCC_WARN_UNDECLARED_SELECTOR = YES;
				GCC_WARN_UNINITIALIZED_AUTOS = YES_AGGRESSIVE;
				GCC_WARN_UNUSED_FUNCTION = YES;
				GCC_WARN_UNUSED_VARIABLE = YES;
				MTL_ENABLE_DEBUG_INFO = NO;
				MTL_FAST_MATH = YES;
				SWIFT_COMPILATION_MODE = wholemodule;
				SWIFT_OPTIMIZATION_LEVEL = "-O";
			};
			name = Release;
		};
		6001425A25C209CB00903C1F /* Debug */ = {
			isa = XCBuildConfiguration;
			baseConfigurationReference = 05CB512272CB8783121E0485 /* Pods-Hydrate (iOS).debug.xcconfig */;
			buildSettings = {
				ALWAYS_EMBED_SWIFT_STANDARD_LIBRARIES = YES;
				ASSETCATALOG_COMPILER_APPICON_NAME = AppIcon;
				ASSETCATALOG_COMPILER_GLOBAL_ACCENT_COLOR_NAME = AccentColor;
				CODE_SIGN_STYLE = Automatic;
				DEVELOPMENT_TEAM = P69D93MRT6;
				ENABLE_PREVIEWS = YES;
				INFOPLIST_FILE = iOS/Info.plist;
				IPHONEOS_DEPLOYMENT_TARGET = 14.0;
				LD_RUNPATH_SEARCH_PATHS = (
					"$(inherited)",
					"@executable_path/Frameworks",
				);
				PRODUCT_BUNDLE_IDENTIFIER = com.NoedeLaCroix.Hydrate;
				PRODUCT_NAME = Hydrate;
				SDKROOT = iphoneos;
				SWIFT_VERSION = 5.0;
				TARGETED_DEVICE_FAMILY = "1,2";
			};
			name = Debug;
		};
		6001425B25C209CB00903C1F /* Release */ = {
			isa = XCBuildConfiguration;
			baseConfigurationReference = EE9DEB35CDD3B68508305499 /* Pods-Hydrate (iOS).release.xcconfig */;
			buildSettings = {
				ALWAYS_EMBED_SWIFT_STANDARD_LIBRARIES = YES;
				ASSETCATALOG_COMPILER_APPICON_NAME = AppIcon;
				ASSETCATALOG_COMPILER_GLOBAL_ACCENT_COLOR_NAME = AccentColor;
				CODE_SIGN_STYLE = Automatic;
				DEVELOPMENT_TEAM = P69D93MRT6;
				ENABLE_PREVIEWS = YES;
				INFOPLIST_FILE = iOS/Info.plist;
				IPHONEOS_DEPLOYMENT_TARGET = 14.0;
				LD_RUNPATH_SEARCH_PATHS = (
					"$(inherited)",
					"@executable_path/Frameworks",
				);
				PRODUCT_BUNDLE_IDENTIFIER = com.NoedeLaCroix.Hydrate;
				PRODUCT_NAME = Hydrate;
				SDKROOT = iphoneos;
				SWIFT_VERSION = 5.0;
				TARGETED_DEVICE_FAMILY = "1,2";
				VALIDATE_PRODUCT = YES;
			};
			name = Release;
		};
		6001425D25C209CB00903C1F /* Debug */ = {
			isa = XCBuildConfiguration;
			baseConfigurationReference = 31DA1A9634A3310B6B0602A3 /* Pods-Hydrate (macOS).debug.xcconfig */;
			buildSettings = {
				ASSETCATALOG_COMPILER_APPICON_NAME = AppIcon;
				ASSETCATALOG_COMPILER_GLOBAL_ACCENT_COLOR_NAME = AccentColor;
				CODE_SIGN_ENTITLEMENTS = macOS/macOS.entitlements;
				CODE_SIGN_STYLE = Automatic;
				COMBINE_HIDPI_IMAGES = YES;
				DEVELOPMENT_TEAM = P69D93MRT6;
				ENABLE_HARDENED_RUNTIME = YES;
				ENABLE_PREVIEWS = YES;
				INFOPLIST_FILE = macOS/Info.plist;
				LD_RUNPATH_SEARCH_PATHS = (
					"$(inherited)",
					"@executable_path/../Frameworks",
				);
				MACOSX_DEPLOYMENT_TARGET = 11.0;
				PRODUCT_BUNDLE_IDENTIFIER = com.NoedeLaCroix.Hydrate;
				PRODUCT_NAME = Hydrate;
				SDKROOT = macosx;
				SWIFT_VERSION = 5.0;
			};
			name = Debug;
		};
		6001425E25C209CB00903C1F /* Release */ = {
			isa = XCBuildConfiguration;
			baseConfigurationReference = 32A5E11356596A657520EC1A /* Pods-Hydrate (macOS).release.xcconfig */;
			buildSettings = {
				ASSETCATALOG_COMPILER_APPICON_NAME = AppIcon;
				ASSETCATALOG_COMPILER_GLOBAL_ACCENT_COLOR_NAME = AccentColor;
				CODE_SIGN_ENTITLEMENTS = macOS/macOS.entitlements;
				CODE_SIGN_STYLE = Automatic;
				COMBINE_HIDPI_IMAGES = YES;
				DEVELOPMENT_TEAM = P69D93MRT6;
				ENABLE_HARDENED_RUNTIME = YES;
				ENABLE_PREVIEWS = YES;
				INFOPLIST_FILE = macOS/Info.plist;
				LD_RUNPATH_SEARCH_PATHS = (
					"$(inherited)",
					"@executable_path/../Frameworks",
				);
				MACOSX_DEPLOYMENT_TARGET = 11.0;
				PRODUCT_BUNDLE_IDENTIFIER = com.NoedeLaCroix.Hydrate;
				PRODUCT_NAME = Hydrate;
				SDKROOT = macosx;
				SWIFT_VERSION = 5.0;
			};
			name = Release;
		};
		60FB418525C2EDDB00624103 /* Debug */ = {
			isa = XCBuildConfiguration;
			baseConfigurationReference = 6B407AAAE158CF78EA439675 /* Pods-HydrateWidgetExtension.debug.xcconfig */;
			buildSettings = {
				ASSETCATALOG_COMPILER_GLOBAL_ACCENT_COLOR_NAME = AccentColor;
				ASSETCATALOG_COMPILER_WIDGET_BACKGROUND_COLOR_NAME = WidgetBackground;
				CODE_SIGN_STYLE = Automatic;
				DEVELOPMENT_TEAM = P69D93MRT6;
				INFOPLIST_FILE = HydrateWidget/Info.plist;
				IPHONEOS_DEPLOYMENT_TARGET = 14.4;
				LD_RUNPATH_SEARCH_PATHS = (
					"$(inherited)",
					"@executable_path/Frameworks",
					"@executable_path/../../Frameworks",
				);
				PRODUCT_BUNDLE_IDENTIFIER = com.NoedeLaCroix.Hydrate.HydrateWidget;
				PRODUCT_NAME = "$(TARGET_NAME)";
				SDKROOT = iphoneos;
				SKIP_INSTALL = YES;
				SWIFT_VERSION = 5.0;
				TARGETED_DEVICE_FAMILY = "1,2";
			};
			name = Debug;
		};
		60FB418625C2EDDB00624103 /* Release */ = {
			isa = XCBuildConfiguration;
			baseConfigurationReference = 325D8EA18B4A1FE29BDCA614 /* Pods-HydrateWidgetExtension.release.xcconfig */;
			buildSettings = {
				ASSETCATALOG_COMPILER_GLOBAL_ACCENT_COLOR_NAME = AccentColor;
				ASSETCATALOG_COMPILER_WIDGET_BACKGROUND_COLOR_NAME = WidgetBackground;
				CODE_SIGN_STYLE = Automatic;
				DEVELOPMENT_TEAM = P69D93MRT6;
				INFOPLIST_FILE = HydrateWidget/Info.plist;
				IPHONEOS_DEPLOYMENT_TARGET = 14.4;
				LD_RUNPATH_SEARCH_PATHS = (
					"$(inherited)",
					"@executable_path/Frameworks",
					"@executable_path/../../Frameworks",
				);
				PRODUCT_BUNDLE_IDENTIFIER = com.NoedeLaCroix.Hydrate.HydrateWidget;
				PRODUCT_NAME = "$(TARGET_NAME)";
				SDKROOT = iphoneos;
				SKIP_INSTALL = YES;
				SWIFT_VERSION = 5.0;
				TARGETED_DEVICE_FAMILY = "1,2";
				VALIDATE_PRODUCT = YES;
			};
			name = Release;
		};
/* End XCBuildConfiguration section */

/* Begin XCConfigurationList section */
		6001423C25C209CA00903C1F /* Build configuration list for PBXProject "Hydrate" */ = {
			isa = XCConfigurationList;
			buildConfigurations = (
				6001425725C209CB00903C1F /* Debug */,
				6001425825C209CB00903C1F /* Release */,
			);
			defaultConfigurationIsVisible = 0;
			defaultConfigurationName = Release;
		};
		6001425925C209CB00903C1F /* Build configuration list for PBXNativeTarget "Hydrate (iOS)" */ = {
			isa = XCConfigurationList;
			buildConfigurations = (
				6001425A25C209CB00903C1F /* Debug */,
				6001425B25C209CB00903C1F /* Release */,
			);
			defaultConfigurationIsVisible = 0;
			defaultConfigurationName = Release;
		};
		6001425C25C209CB00903C1F /* Build configuration list for PBXNativeTarget "Hydrate (macOS)" */ = {
			isa = XCConfigurationList;
			buildConfigurations = (
				6001425D25C209CB00903C1F /* Debug */,
				6001425E25C209CB00903C1F /* Release */,
			);
			defaultConfigurationIsVisible = 0;
			defaultConfigurationName = Release;
		};
		60FB418725C2EDDB00624103 /* Build configuration list for PBXNativeTarget "HydrateWidgetExtension" */ = {
			isa = XCConfigurationList;
			buildConfigurations = (
				60FB418525C2EDDB00624103 /* Debug */,
				60FB418625C2EDDB00624103 /* Release */,
			);
			defaultConfigurationIsVisible = 0;
			defaultConfigurationName = Release;
		};
/* End XCConfigurationList section */

/* Begin XCRemoteSwiftPackageReference section */
		604629E425D4399F00387004 /* XCRemoteSwiftPackageReference "ChartView" */ = {
			isa = XCRemoteSwiftPackageReference;
			repositoryURL = "https://github.com/AppPear/ChartView";
			requirement = {
				kind = upToNextMajorVersion;
				minimumVersion = 1.5.4;
			};
		};
/* End XCRemoteSwiftPackageReference section */

/* Begin XCSwiftPackageProductDependency section */
		604629E525D4399F00387004 /* SwiftUICharts */ = {
			isa = XCSwiftPackageProductDependency;
			package = 604629E425D4399F00387004 /* XCRemoteSwiftPackageReference "ChartView" */;
			productName = SwiftUICharts;
		};
/* End XCSwiftPackageProductDependency section */

/* Begin XCVersionGroup section */
		60699E9525C8AD51007B2519 /* WaterHydrationModel.xcdatamodeld */ = {
			isa = XCVersionGroup;
			children = (
				60699E9625C8AD51007B2519 /* WaterHydrationModel.xcdatamodel */,
			);
			currentVersion = 60699E9625C8AD51007B2519 /* WaterHydrationModel.xcdatamodel */;
			path = WaterHydrationModel.xcdatamodeld;
			sourceTree = "<group>";
			versionGroupType = wrapper.xcdatamodel;
		};
/* End XCVersionGroup section */
	};
	rootObject = 6001423925C209CA00903C1F /* Project object */;
}
